
Microsoft Visual Studio Solution File, Format Version 12.00
# Visual Studio 2013
VisualStudioVersion = 12.0.30501.0
MinimumVisualStudioVersion = 10.0.40219.1
Project("{8BC9CEB8-8B4A-11D0-8D11-00A0C91BC942}") = "XFCCMTest", "XFCCMTest.vcxproj", "{2791B0BC-F78C-4916-8771-2B3D7B9BDA02}"
	ProjectSection(ProjectDependencies) = postProject
		{96EA9800-CBAB-4BA8-A98B-DC69DD3207CC} = {96EA9800-CBAB-4BA8-A98B-DC69DD3207CC}
		{536D280D-A3FB-4330-A3C5-00DE657048DF} = {536D280D-A3FB-4330-A3C5-00DE657048DF}
		{B4CB7022-47CE-41A4-B4CC-581E4801E2CA} = {B4CB7022-47CE-41A4-B4CC-581E4801E2CA}
		{46D94025-A896-4F0C-A91C-BA4ABD16E041} = {46D94025-A896-4F0C-A91C-BA4ABD16E041}
		{A742FC32-67EE-4678-B7B1-FD737CB90B21} = {A742FC32-67EE-4678-B7B1-FD737CB90B21}
		{C5A0973E-A992-46BF-A522-508405CEB5EF} = {C5A0973E-A992-46BF-A522-508405CEB5EF}
		{9007405A-F05D-40A8-B4D8-7EDA1882C13F} = {9007405A-F05D-40A8-B4D8-7EDA1882C13F}
		{04FD686A-1431-47F5-8E05-6AA77A21A98A} = {04FD686A-1431-47F5-8E05-6AA77A21A98A}
		{23894F71-69C2-4B9F-A475-AB2BD8D98EC4} = {23894F71-69C2-4B9F-A475-AB2BD8D98EC4}
		{F7093A7E-F86A-49B1-A15D-72D878D5BA90} = {F7093A7E-F86A-49B1-A15D-72D878D5BA90}
		{E64E6686-1304-471F-A2F3-3109487167BE} = {E64E6686-1304-471F-A2F3-3109487167BE}
		{F46CA188-5DA6-483F-9BDD-852358C17AB2} = {F46CA188-5DA6-483F-9BDD-852358C17AB2}
		{8DA14F8C-2DE1-4350-B86A-74B5F14D450F} = {8DA14F8C-2DE1-4350-B86A-74B5F14D450F}
		{FB203E8F-BCA2-4197-92E1-88375C9A81E5} = {FB203E8F-BCA2-4197-92E1-88375C9A81E5}
		{64430498-9F93-4784-8936-E675D715D43A} = {64430498-9F93-4784-8936-E675D715D43A}
		{930CA9AE-FA59-4B74-89A5-B7BF466AC9A1} = {930CA9AE-FA59-4B74-89A5-B7BF466AC9A1}
		{39285BB0-5B43-4927-9145-27309CE7EE99} = {39285BB0-5B43-4927-9145-27309CE7EE99}
		{1CED5DB7-6B38-4909-99D1-33DBB445C942} = {1CED5DB7-6B38-4909-99D1-33DBB445C942}
		{5D06E4C8-3825-4ED6-97C7-E1CE854630DF} = {5D06E4C8-3825-4ED6-97C7-E1CE854630DF}
		{2F26B5C9-96E9-46A9-BE49-C063D567AF64} = {2F26B5C9-96E9-46A9-BE49-C063D567AF64}
		{45A28CCE-7FA1-4DED-90FF-53EFEEB5DC73} = {45A28CCE-7FA1-4DED-90FF-53EFEEB5DC73}
		{66DC7CD9-F9F4-4C31-AEE4-A8A72F667BF4} = {66DC7CD9-F9F4-4C31-AEE4-A8A72F667BF4}
		{72FA89DC-053B-402F-B54E-716EE2707381} = {72FA89DC-053B-402F-B54E-716EE2707381}
		{3B404EE0-1AED-4F3A-A405-650B930BE496} = {3B404EE0-1AED-4F3A-A405-650B930BE496}
		{2BB051F0-D91B-4C74-8722-9DC9C70A2292} = {2BB051F0-D91B-4C74-8722-9DC9C70A2292}
		{226B05F2-7184-413A-B63E-E41104DA9B5D} = {226B05F2-7184-413A-B63E-E41104DA9B5D}
		{CBCBB1F3-35B5-4747-A7A8-77B00EAC7075} = {CBCBB1F3-35B5-4747-A7A8-77B00EAC7075}
		{99FE34F6-CA42-4593-9B4A-7B687A997A73} = {99FE34F6-CA42-4593-9B4A-7B687A997A73}
		{AECEE8FA-9D6B-4858-8EB4-E80ED846BEEF} = {AECEE8FA-9D6B-4858-8EB4-E80ED846BEEF}
	EndProjectSection
EndProject
Project("{8BC9CEB8-8B4A-11D0-8D11-00A0C91BC942}") = "STLib", "..\STLib\STLib.vcxproj", "{3B404EE0-1AED-4F3A-A405-650B930BE496}"
EndProject
Project("{8BC9CEB8-8B4A-11D0-8D11-00A0C91BC942}") = "Stop", "..\Plugin\Stop\Stop.vcxproj", "{2BB051F0-D91B-4C74-8722-9DC9C70A2292}"
EndProject
Project("{8BC9CEB8-8B4A-11D0-8D11-00A0C91BC942}") = "PlayVideo", "..\Plugin\PlayVideo\PlayVideo.vcxproj", "{99FE34F6-CA42-4593-9B4A-7B687A997A73}"
EndProject
Project("{8BC9CEB8-8B4A-11D0-8D11-00A0C91BC942}") = "FuseID", "..\Plugin\FuseID\FuseID.vcxproj", "{E64E6686-1304-471F-A2F3-3109487167BE}"
EndProject
Project("{8BC9CEB8-8B4A-11D0-8D11-00A0C91BC942}") = "OTPCheck", "..\Plugin\OTPCheck\OTPCheck.vcxproj", "{A742FC32-67EE-4678-B7B1-FD737CB90B21}"
EndProject
Project("{8BC9CEB8-8B4A-11D0-8D11-00A0C91BC942}") = "LightSourceCtrl", "..\Plugin\LightSourceCtrl\LightSourceCtrl.vcxproj", "{F7093A7E-F86A-49B1-A15D-72D878D5BA90}"
EndProject
Project("{8BC9CEB8-8B4A-11D0-8D11-00A0C91BC942}") = "OTPWrite", "..\Plugin\AWB\AWB.vcxproj", "{536D280D-A3FB-4330-A3C5-00DE657048DF}"
EndProject
Project("{8BC9CEB8-8B4A-11D0-8D11-00A0C91BC942}") = "Finalize", "..\Plugin\Finalize\Finalize.vcxproj", "{FB203E8F-BCA2-4197-92E1-88375C9A81E5}"
EndProject
Project("{8BC9CEB8-8B4A-11D0-8D11-00A0C91BC942}") = "PDAFClib", "..\Plugin\PDAFClib\PDAFClib.vcxproj", "{72FA89DC-053B-402F-B54E-716EE2707381}"
EndProject
Project("{8BC9CEB8-8B4A-11D0-8D11-00A0C91BC942}") = "AE", "..\Plugin\AE\AE.vcxproj", "{9007405A-F05D-40A8-B4D8-7EDA1882C13F}"
EndProject
Project("{8BC9CEB8-8B4A-11D0-8D11-00A0C91BC942}") = "Focus", "..\Plugin\Focus\Focus.vcxproj", "{2F26B5C9-96E9-46A9-BE49-C063D567AF64}"
EndProject
Project("{8BC9CEB8-8B4A-11D0-8D11-00A0C91BC942}") = "BoardSwitch", "..\Plugin\BoardSwitch\BoardSwitch.vcxproj", "{1CED5DB7-6B38-4909-99D1-33DBB445C942}"
EndProject
Project("{8BC9CEB8-8B4A-11D0-8D11-00A0C91BC942}") = "AutoFocusNear", "..\Plugin\AutoFocusNear\AutoFocusNear.vcxproj", "{04FD686A-1431-47F5-8E05-6AA77A21A98A}"
EndProject
Project("{8BC9CEB8-8B4A-11D0-8D11-00A0C91BC942}") = "AutoFocusMid", "..\Plugin\AutoFocusMid\AutoFocusMid.vcxproj", "{66DC7CD9-F9F4-4C31-AEE4-A8A72F667BF4}"
EndProject
Project("{8BC9CEB8-8B4A-11D0-8D11-00A0C91BC942}") = "AutoFocusFar", "..\Plugin\AutoFocusFar\AutoFocusFar.vcxproj", "{930CA9AE-FA59-4B74-89A5-B7BF466AC9A1}"
EndProject
Project("{8BC9CEB8-8B4A-11D0-8D11-00A0C91BC942}") = "UI", "..\UI\UI.vcxproj", "{B4CB7022-47CE-41A4-B4CC-581E4801E2CA}"
EndProject
Project("{8BC9CEB8-8B4A-11D0-8D11-00A0C91BC942}") = "AutoFocusWrite", "..\Plugin\AutoFocusWrite\AutoFocusWrite.vcxproj", "{64430498-9F93-4784-8936-E675D715D43A}"
EndProject
Project("{8BC9CEB8-8B4A-11D0-8D11-00A0C91BC942}") = "AutoFocusCtrl", "..\Plugin\AutoFocusCtrl\AutoFocusCtrl.vcxproj", "{CBCBB1F3-35B5-4747-A7A8-77B00EAC7075}"
EndProject
Project("{8BC9CEB8-8B4A-11D0-8D11-00A0C91BC942}") = "XFSocket", "..\Plugin\XFSocket\XFSocket.vcxproj", "{46D94025-A896-4F0C-A91C-BA4ABD16E041}"
EndProject
Project("{8BC9CEB8-8B4A-11D0-8D11-00A0C91BC942}") = "Shadding", "..\Plugin\Shadding\Shadding.vcxproj", "{226B05F2-7184-413A-B63E-E41104DA9B5D}"
EndProject
Project("{8BC9CEB8-8B4A-11D0-8D11-00A0C91BC942}") = "Current", "..\Plugin\Current\Current.vcxproj", "{8DA14F8C-2DE1-4350-B86A-74B5F14D450F}"
EndProject
Project("{8BC9CEB8-8B4A-11D0-8D11-00A0C91BC942}") = "OS", "..\Plugin\OS\OS.vcxproj", "{AECEE8FA-9D6B-4858-8EB4-E80ED846BEEF}"
EndProject
Project("{8BC9CEB8-8B4A-11D0-8D11-00A0C91BC942}") = "XFApp", "..\XFApp\XFApp.vcxproj", "{96EA9800-CBAB-4BA8-A98B-DC69DD3207CC}"
EndProject
Project("{8BC9CEB8-8B4A-11D0-8D11-00A0C91BC942}") = "MTF", "..\Plugin\MTF\MTF.vcxproj", "{F46CA188-5DA6-483F-9BDD-852358C17AB2}"
EndProject
Project("{8BC9CEB8-8B4A-11D0-8D11-00A0C91BC942}") = "FPN_ST", "..\Plugin\FPN_ST\FPN_ST.vcxproj", "{45A28CCE-7FA1-4DED-90FF-53EFEEB5DC73}"
EndProject
Project("{8BC9CEB8-8B4A-11D0-8D11-00A0C91BC942}") = "POG_ST", "..\Plugin\POG_ST\POG_ST.vcxproj", "{39285BB0-5B43-4927-9145-27309CE7EE99}"
EndProject
Project("{8BC9CEB8-8B4A-11D0-8D11-00A0C91BC942}") = "BlackWhiteCheck", "..\Plugin\BlackWhiteCheck\BlackWhiteCheck.vcxproj", "{23894F71-69C2-4B9F-A475-AB2BD8D98EC4}"
EndProject
Project("{8BC9CEB8-8B4A-11D0-8D11-00A0C91BC942}") = "POD", "..\Plugin\POD_ST\POD.vcxproj", "{C5A0973E-A992-46BF-A522-508405CEB5EF}"
EndProject
Project("{8BC9CEB8-8B4A-11D0-8D11-00A0C91BC942}") = "Interface", "..\Interface\Interface.vcxproj", "{5D06E4C8-3825-4ED6-97C7-E1CE854630DF}"
EndProject
Project("{8BC9CEB8-8B4A-11D0-8D11-00A0C91BC942}") = "Device", "..\Device\Device.vcxproj", "{7D39A9B9-4BD1-4B90-AABA-E526B3C13BF0}"
EndProject
Global
	GlobalSection(SolutionConfigurationPlatforms) = preSolution
		Debug|Mixed Platforms = Debug|Mixed Platforms
		Debug|Win32 = Debug|Win32
		Debug|x64 = Debug|x64
		Release|Mixed Platforms = Release|Mixed Platforms
		Release|Win32 = Release|Win32
		Release|x64 = Release|x64
	EndGlobalSection
	GlobalSection(ProjectConfigurationPlatforms) = postSolution
		{2791B0BC-F78C-4916-8771-2B3D7B9BDA02}.Debug|Mixed Platforms.ActiveCfg = Debug|Win32
		{2791B0BC-F78C-4916-8771-2B3D7B9BDA02}.Debug|Mixed Platforms.Build.0 = Debug|Win32
		{2791B0BC-F78C-4916-8771-2B3D7B9BDA02}.Debug|Win32.ActiveCfg = Debug|Win32
		{2791B0BC-F78C-4916-8771-2B3D7B9BDA02}.Debug|Win32.Build.0 = Debug|Win32
		{2791B0BC-F78C-4916-8771-2B3D7B9BDA02}.Debug|x64.ActiveCfg = Debug|Win32
		{2791B0BC-F78C-4916-8771-2B3D7B9BDA02}.Release|Mixed Platforms.ActiveCfg = Release|Win32
		{2791B0BC-F78C-4916-8771-2B3D7B9BDA02}.Release|Mixed Platforms.Build.0 = Release|Win32
		{2791B0BC-F78C-4916-8771-2B3D7B9BDA02}.Release|Win32.ActiveCfg = Release|Win32
		{2791B0BC-F78C-4916-8771-2B3D7B9BDA02}.Release|Win32.Build.0 = Release|Win32
		{2791B0BC-F78C-4916-8771-2B3D7B9BDA02}.Release|x64.ActiveCfg = Release|Win32
		{3B404EE0-1AED-4F3A-A405-650B930BE496}.Debug|Mixed Platforms.ActiveCfg = Debug|Win32
		{3B404EE0-1AED-4F3A-A405-650B930BE496}.Debug|Mixed Platforms.Build.0 = Debug|Win32
		{3B404EE0-1AED-4F3A-A405-650B930BE496}.Debug|Win32.ActiveCfg = Debug|Win32
		{3B404EE0-1AED-4F3A-A405-650B930BE496}.Debug|Win32.Build.0 = Debug|Win32
		{3B404EE0-1AED-4F3A-A405-650B930BE496}.Debug|x64.ActiveCfg = Debug|Win32
		{3B404EE0-1AED-4F3A-A405-650B930BE496}.Release|Mixed Platforms.ActiveCfg = Release|Win32
		{3B404EE0-1AED-4F3A-A405-650B930BE496}.Release|Mixed Platforms.Build.0 = Release|Win32
		{3B404EE0-1AED-4F3A-A405-650B930BE496}.Release|Win32.ActiveCfg = Release|Win32
		{3B404EE0-1AED-4F3A-A405-650B930BE496}.Release|Win32.Build.0 = Release|Win32
		{3B404EE0-1AED-4F3A-A405-650B930BE496}.Release|x64.ActiveCfg = Release|Win32
		{2BB051F0-D91B-4C74-8722-9DC9C70A2292}.Debug|Mixed Platforms.ActiveCfg = Debug|Win32
		{2BB051F0-D91B-4C74-8722-9DC9C70A2292}.Debug|Mixed Platforms.Build.0 = Debug|Win32
		{2BB051F0-D91B-4C74-8722-9DC9C70A2292}.Debug|Win32.ActiveCfg = Debug|Win32
		{2BB051F0-D91B-4C74-8722-9DC9C70A2292}.Debug|Win32.Build.0 = Debug|Win32
		{2BB051F0-D91B-4C74-8722-9DC9C70A2292}.Debug|x64.ActiveCfg = Debug|Win32
		{2BB051F0-D91B-4C74-8722-9DC9C70A2292}.Release|Mixed Platforms.ActiveCfg = Release|Win32
		{2BB051F0-D91B-4C74-8722-9DC9C70A2292}.Release|Mixed Platforms.Build.0 = Release|Win32
		{2BB051F0-D91B-4C74-8722-9DC9C70A2292}.Release|Win32.ActiveCfg = Release|Win32
		{2BB051F0-D91B-4C74-8722-9DC9C70A2292}.Release|Win32.Build.0 = Release|Win32
		{2BB051F0-D91B-4C74-8722-9DC9C70A2292}.Release|x64.ActiveCfg = Release|Win32
		{99FE34F6-CA42-4593-9B4A-7B687A997A73}.Debug|Mixed Platforms.ActiveCfg = Debug|Win32
		{99FE34F6-CA42-4593-9B4A-7B687A997A73}.Debug|Mixed Platforms.Build.0 = Debug|Win32
		{99FE34F6-CA42-4593-9B4A-7B687A997A73}.Debug|Win32.ActiveCfg = Debug|Win32
		{99FE34F6-CA42-4593-9B4A-7B687A997A73}.Debug|Win32.Build.0 = Debug|Win32
		{99FE34F6-CA42-4593-9B4A-7B687A997A73}.Debug|x64.ActiveCfg = Debug|Win32
		{99FE34F6-CA42-4593-9B4A-7B687A997A73}.Release|Mixed Platforms.ActiveCfg = Release|Win32
		{99FE34F6-CA42-4593-9B4A-7B687A997A73}.Release|Mixed Platforms.Build.0 = Release|Win32
		{99FE34F6-CA42-4593-9B4A-7B687A997A73}.Release|Win32.ActiveCfg = Release|Win32
		{99FE34F6-CA42-4593-9B4A-7B687A997A73}.Release|Win32.Build.0 = Release|Win32
		{99FE34F6-CA42-4593-9B4A-7B687A997A73}.Release|x64.ActiveCfg = Release|Win32
		{E64E6686-1304-471F-A2F3-3109487167BE}.Debug|Mixed Platforms.ActiveCfg = Debug|Win32
		{E64E6686-1304-471F-A2F3-3109487167BE}.Debug|Mixed Platforms.Build.0 = Debug|Win32
		{E64E6686-1304-471F-A2F3-3109487167BE}.Debug|Win32.ActiveCfg = Debug|Win32
		{E64E6686-1304-471F-A2F3-3109487167BE}.Debug|Win32.Build.0 = Debug|Win32
		{E64E6686-1304-471F-A2F3-3109487167BE}.Debug|x64.ActiveCfg = Debug|Win32
		{E64E6686-1304-471F-A2F3-3109487167BE}.Release|Mixed Platforms.ActiveCfg = Release|Win32
		{E64E6686-1304-471F-A2F3-3109487167BE}.Release|Mixed Platforms.Build.0 = Release|Win32
		{E64E6686-1304-471F-A2F3-3109487167BE}.Release|Win32.ActiveCfg = Release|Win32
		{E64E6686-1304-471F-A2F3-3109487167BE}.Release|Win32.Build.0 = Release|Win32
		{E64E6686-1304-471F-A2F3-3109487167BE}.Release|x64.ActiveCfg = Release|Win32
		{A742FC32-67EE-4678-B7B1-FD737CB90B21}.Debug|Mixed Platforms.ActiveCfg = Debug|Win32
		{A742FC32-67EE-4678-B7B1-FD737CB90B21}.Debug|Mixed Platforms.Build.0 = Debug|Win32
		{A742FC32-67EE-4678-B7B1-FD737CB90B21}.Debug|Win32.ActiveCfg = Debug|Win32
		{A742FC32-67EE-4678-B7B1-FD737CB90B21}.Debug|Win32.Build.0 = Debug|Win32
		{A742FC32-67EE-4678-B7B1-FD737CB90B21}.Debug|x64.ActiveCfg = Debug|Win32
		{A742FC32-67EE-4678-B7B1-FD737CB90B21}.Release|Mixed Platforms.ActiveCfg = Release|Win32
		{A742FC32-67EE-4678-B7B1-FD737CB90B21}.Release|Mixed Platforms.Build.0 = Release|Win32
		{A742FC32-67EE-4678-B7B1-FD737CB90B21}.Release|Win32.ActiveCfg = Release|Win32
		{A742FC32-67EE-4678-B7B1-FD737CB90B21}.Release|Win32.Build.0 = Release|Win32
		{A742FC32-67EE-4678-B7B1-FD737CB90B21}.Release|x64.ActiveCfg = Release|Win32
		{F7093A7E-F86A-49B1-A15D-72D878D5BA90}.Debug|Mixed Platforms.ActiveCfg = Debug|Win32
		{F7093A7E-F86A-49B1-A15D-72D878D5BA90}.Debug|Mixed Platforms.Build.0 = Debug|Win32
		{F7093A7E-F86A-49B1-A15D-72D878D5BA90}.Debug|Win32.ActiveCfg = Debug|Win32
		{F7093A7E-F86A-49B1-A15D-72D878D5BA90}.Debug|Win32.Build.0 = Debug|Win32
		{F7093A7E-F86A-49B1-A15D-72D878D5BA90}.Debug|x64.ActiveCfg = Debug|Win32
		{F7093A7E-F86A-49B1-A15D-72D878D5BA90}.Release|Mixed Platforms.ActiveCfg = Release|Win32
		{F7093A7E-F86A-49B1-A15D-72D878D5BA90}.Release|Mixed Platforms.Build.0 = Release|Win32
		{F7093A7E-F86A-49B1-A15D-72D878D5BA90}.Release|Win32.ActiveCfg = Release|Win32
		{F7093A7E-F86A-49B1-A15D-72D878D5BA90}.Release|Win32.Build.0 = Release|Win32
		{F7093A7E-F86A-49B1-A15D-72D878D5BA90}.Release|x64.ActiveCfg = Release|Win32
		{536D280D-A3FB-4330-A3C5-00DE657048DF}.Debug|Mixed Platforms.ActiveCfg = Debug|Win32
		{536D280D-A3FB-4330-A3C5-00DE657048DF}.Debug|Mixed Platforms.Build.0 = Debug|Win32
		{536D280D-A3FB-4330-A3C5-00DE657048DF}.Debug|Win32.ActiveCfg = Debug|Win32
		{536D280D-A3FB-4330-A3C5-00DE657048DF}.Debug|Win32.Build.0 = Debug|Win32
		{536D280D-A3FB-4330-A3C5-00DE657048DF}.Debug|x64.ActiveCfg = Debug|Win32
		{536D280D-A3FB-4330-A3C5-00DE657048DF}.Release|Mixed Platforms.ActiveCfg = Release|Win32
		{536D280D-A3FB-4330-A3C5-00DE657048DF}.Release|Mixed Platforms.Build.0 = Release|Win32
		{536D280D-A3FB-4330-A3C5-00DE657048DF}.Release|Win32.ActiveCfg = Release|Win32
		{536D280D-A3FB-4330-A3C5-00DE657048DF}.Release|Win32.Build.0 = Release|Win32
		{536D280D-A3FB-4330-A3C5-00DE657048DF}.Release|x64.ActiveCfg = Release|Win32
		{FB203E8F-BCA2-4197-92E1-88375C9A81E5}.Debug|Mixed Platforms.ActiveCfg = Debug|Win32
		{FB203E8F-BCA2-4197-92E1-88375C9A81E5}.Debug|Mixed Platforms.Build.0 = Debug|Win32
		{FB203E8F-BCA2-4197-92E1-88375C9A81E5}.Debug|Win32.ActiveCfg = Debug|Win32
		{FB203E8F-BCA2-4197-92E1-88375C9A81E5}.Debug|Win32.Build.0 = Debug|Win32
		{FB203E8F-BCA2-4197-92E1-88375C9A81E5}.Debug|x64.ActiveCfg = Debug|Win32
		{FB203E8F-BCA2-4197-92E1-88375C9A81E5}.Release|Mixed Platforms.ActiveCfg = Release|Win32
		{FB203E8F-BCA2-4197-92E1-88375C9A81E5}.Release|Mixed Platforms.Build.0 = Release|Win32
		{FB203E8F-BCA2-4197-92E1-88375C9A81E5}.Release|Win32.ActiveCfg = Release|Win32
		{FB203E8F-BCA2-4197-92E1-88375C9A81E5}.Release|Win32.Build.0 = Release|Win32
		{FB203E8F-BCA2-4197-92E1-88375C9A81E5}.Release|x64.ActiveCfg = Release|Win32
		{72FA89DC-053B-402F-B54E-716EE2707381}.Debug|Mixed Platforms.ActiveCfg = Debug|Win32
		{72FA89DC-053B-402F-B54E-716EE2707381}.Debug|Mixed Platforms.Build.0 = Debug|Win32
		{72FA89DC-053B-402F-B54E-716EE2707381}.Debug|Win32.ActiveCfg = Debug|Win32
		{72FA89DC-053B-402F-B54E-716EE2707381}.Debug|Win32.Build.0 = Debug|Win32
		{72FA89DC-053B-402F-B54E-716EE2707381}.Debug|x64.ActiveCfg = Debug|Win32
		{72FA89DC-053B-402F-B54E-716EE2707381}.Release|Mixed Platforms.ActiveCfg = Release|Win32
		{72FA89DC-053B-402F-B54E-716EE2707381}.Release|Mixed Platforms.Build.0 = Release|Win32
		{72FA89DC-053B-402F-B54E-716EE2707381}.Release|Win32.ActiveCfg = Release|Win32
		{72FA89DC-053B-402F-B54E-716EE2707381}.Release|Win32.Build.0 = Release|Win32
		{72FA89DC-053B-402F-B54E-716EE2707381}.Release|x64.ActiveCfg = Release|Win32
		{9007405A-F05D-40A8-B4D8-7EDA1882C13F}.Debug|Mixed Platforms.ActiveCfg = Debug|Win32
		{9007405A-F05D-40A8-B4D8-7EDA1882C13F}.Debug|Mixed Platforms.Build.0 = Debug|Win32
		{9007405A-F05D-40A8-B4D8-7EDA1882C13F}.Debug|Win32.ActiveCfg = Debug|Win32
		{9007405A-F05D-40A8-B4D8-7EDA1882C13F}.Debug|Win32.Build.0 = Debug|Win32
		{9007405A-F05D-40A8-B4D8-7EDA1882C13F}.Debug|x64.ActiveCfg = Debug|Win32
		{9007405A-F05D-40A8-B4D8-7EDA1882C13F}.Release|Mixed Platforms.ActiveCfg = Release|Win32
		{9007405A-F05D-40A8-B4D8-7EDA1882C13F}.Release|Mixed Platforms.Build.0 = Release|Win32
		{9007405A-F05D-40A8-B4D8-7EDA1882C13F}.Release|Win32.ActiveCfg = Release|Win32
		{9007405A-F05D-40A8-B4D8-7EDA1882C13F}.Release|Win32.Build.0 = Release|Win32
		{9007405A-F05D-40A8-B4D8-7EDA1882C13F}.Release|x64.ActiveCfg = Release|Win32
		{2F26B5C9-96E9-46A9-BE49-C063D567AF64}.Debug|Mixed Platforms.ActiveCfg = Debug|Win32
		{2F26B5C9-96E9-46A9-BE49-C063D567AF64}.Debug|Mixed Platforms.Build.0 = Debug|Win32
		{2F26B5C9-96E9-46A9-BE49-C063D567AF64}.Debug|Win32.ActiveCfg = Debug|Win32
		{2F26B5C9-96E9-46A9-BE49-C063D567AF64}.Debug|Win32.Build.0 = Debug|Win32
		{2F26B5C9-96E9-46A9-BE49-C063D567AF64}.Debug|x64.ActiveCfg = Debug|Win32
		{2F26B5C9-96E9-46A9-BE49-C063D567AF64}.Release|Mixed Platforms.ActiveCfg = Release|Win32
		{2F26B5C9-96E9-46A9-BE49-C063D567AF64}.Release|Mixed Platforms.Build.0 = Release|Win32
		{2F26B5C9-96E9-46A9-BE49-C063D567AF64}.Release|Win32.ActiveCfg = Release|Win32
		{2F26B5C9-96E9-46A9-BE49-C063D567AF64}.Release|Win32.Build.0 = Release|Win32
		{2F26B5C9-96E9-46A9-BE49-C063D567AF64}.Release|x64.ActiveCfg = Release|Win32
		{1CED5DB7-6B38-4909-99D1-33DBB445C942}.Debug|Mixed Platforms.ActiveCfg = Debug|Win32
		{1CED5DB7-6B38-4909-99D1-33DBB445C942}.Debug|Mixed Platforms.Build.0 = Debug|Win32
		{1CED5DB7-6B38-4909-99D1-33DBB445C942}.Debug|Win32.ActiveCfg = Debug|Win32
		{1CED5DB7-6B38-4909-99D1-33DBB445C942}.Debug|Win32.Build.0 = Debug|Win32
		{1CED5DB7-6B38-4909-99D1-33DBB445C942}.Debug|x64.ActiveCfg = Debug|Win32
		{1CED5DB7-6B38-4909-99D1-33DBB445C942}.Release|Mixed Platforms.ActiveCfg = Release|Win32
		{1CED5DB7-6B38-4909-99D1-33DBB445C942}.Release|Mixed Platforms.Build.0 = Release|Win32
		{1CED5DB7-6B38-4909-99D1-33DBB445C942}.Release|Win32.ActiveCfg = Release|Win32
		{1CED5DB7-6B38-4909-99D1-33DBB445C942}.Release|Win32.Build.0 = Release|Win32
		{1CED5DB7-6B38-4909-99D1-33DBB445C942}.Release|x64.ActiveCfg = Release|Win32
		{04FD686A-1431-47F5-8E05-6AA77A21A98A}.Debug|Mixed Platforms.ActiveCfg = Debug|Win32
		{04FD686A-1431-47F5-8E05-6AA77A21A98A}.Debug|Mixed Platforms.Build.0 = Debug|Win32
		{04FD686A-1431-47F5-8E05-6AA77A21A98A}.Debug|Win32.ActiveCfg = Debug|Win32
		{04FD686A-1431-47F5-8E05-6AA77A21A98A}.Debug|Win32.Build.0 = Debug|Win32
		{04FD686A-1431-47F5-8E05-6AA77A21A98A}.Debug|x64.ActiveCfg = Debug|Win32
		{04FD686A-1431-47F5-8E05-6AA77A21A98A}.Release|Mixed Platforms.ActiveCfg = Release|Win32
		{04FD686A-1431-47F5-8E05-6AA77A21A98A}.Release|Mixed Platforms.Build.0 = Release|Win32
		{04FD686A-1431-47F5-8E05-6AA77A21A98A}.Release|Win32.ActiveCfg = Release|Win32
		{04FD686A-1431-47F5-8E05-6AA77A21A98A}.Release|Win32.Build.0 = Release|Win32
		{04FD686A-1431-47F5-8E05-6AA77A21A98A}.Release|x64.ActiveCfg = Release|Win32
		{66DC7CD9-F9F4-4C31-AEE4-A8A72F667BF4}.Debug|Mixed Platforms.ActiveCfg = Debug|Win32
		{66DC7CD9-F9F4-4C31-AEE4-A8A72F667BF4}.Debug|Mixed Platforms.Build.0 = Debug|Win32
		{66DC7CD9-F9F4-4C31-AEE4-A8A72F667BF4}.Debug|Win32.ActiveCfg = Debug|Win32
		{66DC7CD9-F9F4-4C31-AEE4-A8A72F667BF4}.Debug|Win32.Build.0 = Debug|Win32
		{66DC7CD9-F9F4-4C31-AEE4-A8A72F667BF4}.Debug|x64.ActiveCfg = Debug|Win32
		{66DC7CD9-F9F4-4C31-AEE4-A8A72F667BF4}.Release|Mixed Platforms.ActiveCfg = Release|Win32
		{66DC7CD9-F9F4-4C31-AEE4-A8A72F667BF4}.Release|Mixed Platforms.Build.0 = Release|Win32
		{66DC7CD9-F9F4-4C31-AEE4-A8A72F667BF4}.Release|Win32.ActiveCfg = Release|Win32
		{66DC7CD9-F9F4-4C31-AEE4-A8A72F667BF4}.Release|Win32.Build.0 = Release|Win32
		{66DC7CD9-F9F4-4C31-AEE4-A8A72F667BF4}.Release|x64.ActiveCfg = Release|Win32
		{930CA9AE-FA59-4B74-89A5-B7BF466AC9A1}.Debug|Mixed Platforms.ActiveCfg = Debug|Win32
		{930CA9AE-FA59-4B74-89A5-B7BF466AC9A1}.Debug|Mixed Platforms.Build.0 = Debug|Win32
		{930CA9AE-FA59-4B74-89A5-B7BF466AC9A1}.Debug|Win32.ActiveCfg = Debug|Win32
		{930CA9AE-FA59-4B74-89A5-B7BF466AC9A1}.Debug|Win32.Build.0 = Debug|Win32
		{930CA9AE-FA59-4B74-89A5-B7BF466AC9A1}.Debug|x64.ActiveCfg = Debug|Win32
		{930CA9AE-FA59-4B74-89A5-B7BF466AC9A1}.Release|Mixed Platforms.ActiveCfg = Release|Win32
		{930CA9AE-FA59-4B74-89A5-B7BF466AC9A1}.Release|Mixed Platforms.Build.0 = Release|Win32
		{930CA9AE-FA59-4B74-89A5-B7BF466AC9A1}.Release|Win32.ActiveCfg = Release|Win32
		{930CA9AE-FA59-4B74-89A5-B7BF466AC9A1}.Release|Win32.Build.0 = Release|Win32
		{930CA9AE-FA59-4B74-89A5-B7BF466AC9A1}.Release|x64.ActiveCfg = Release|Win32
		{B4CB7022-47CE-41A4-B4CC-581E4801E2CA}.Debug|Mixed Platforms.ActiveCfg = Debug|Win32
		{B4CB7022-47CE-41A4-B4CC-581E4801E2CA}.Debug|Mixed Platforms.Build.0 = Debug|Win32
		{B4CB7022-47CE-41A4-B4CC-581E4801E2CA}.Debug|Win32.ActiveCfg = Debug|Win32
		{B4CB7022-47CE-41A4-B4CC-581E4801E2CA}.Debug|Win32.Build.0 = Debug|Win32
		{B4CB7022-47CE-41A4-B4CC-581E4801E2CA}.Debug|x64.ActiveCfg = Debug|Win32
		{B4CB7022-47CE-41A4-B4CC-581E4801E2CA}.Release|Mixed Platforms.ActiveCfg = Release|Win32
		{B4CB7022-47CE-41A4-B4CC-581E4801E2CA}.Release|Mixed Platforms.Build.0 = Release|Win32
		{B4CB7022-47CE-41A4-B4CC-581E4801E2CA}.Release|Win32.ActiveCfg = Release|Win32
		{B4CB7022-47CE-41A4-B4CC-581E4801E2CA}.Release|Win32.Build.0 = Release|Win32
		{B4CB7022-47CE-41A4-B4CC-581E4801E2CA}.Release|x64.ActiveCfg = Release|Win32
		{64430498-9F93-4784-8936-E675D715D43A}.Debug|Mixed Platforms.ActiveCfg = Debug|Win32
		{64430498-9F93-4784-8936-E675D715D43A}.Debug|Mixed Platforms.Build.0 = Debug|Win32
		{64430498-9F93-4784-8936-E675D715D43A}.Debug|Win32.ActiveCfg = Debug|Win32
		{64430498-9F93-4784-8936-E675D715D43A}.Debug|Win32.Build.0 = Debug|Win32
		{64430498-9F93-4784-8936-E675D715D43A}.Debug|x64.ActiveCfg = Debug|Win32
		{64430498-9F93-4784-8936-E675D715D43A}.Release|Mixed Platforms.ActiveCfg = Release|Win32
		{64430498-9F93-4784-8936-E675D715D43A}.Release|Mixed Platforms.Build.0 = Release|Win32
		{64430498-9F93-4784-8936-E675D715D43A}.Release|Win32.ActiveCfg = Release|Win32
		{64430498-9F93-4784-8936-E675D715D43A}.Release|Win32.Build.0 = Release|Win32
		{64430498-9F93-4784-8936-E675D715D43A}.Release|x64.ActiveCfg = Release|Win32
		{CBCBB1F3-35B5-4747-A7A8-77B00EAC7075}.Debug|Mixed Platforms.ActiveCfg = Debug|Win32
		{CBCBB1F3-35B5-4747-A7A8-77B00EAC7075}.Debug|Mixed Platforms.Build.0 = Debug|Win32
		{CBCBB1F3-35B5-4747-A7A8-77B00EAC7075}.Debug|Win32.ActiveCfg = Debug|Win32
		{CBCBB1F3-35B5-4747-A7A8-77B00EAC7075}.Debug|Win32.Build.0 = Debug|Win32
		{CBCBB1F3-35B5-4747-A7A8-77B00EAC7075}.Debug|x64.ActiveCfg = Debug|Win32
		{CBCBB1F3-35B5-4747-A7A8-77B00EAC7075}.Release|Mixed Platforms.ActiveCfg = Release|Win32
		{CBCBB1F3-35B5-4747-A7A8-77B00EAC7075}.Release|Mixed Platforms.Build.0 = Release|Win32
		{CBCBB1F3-35B5-4747-A7A8-77B00EAC7075}.Release|Win32.ActiveCfg = Release|Win32
		{CBCBB1F3-35B5-4747-A7A8-77B00EAC7075}.Release|Win32.Build.0 = Release|Win32
		{CBCBB1F3-35B5-4747-A7A8-77B00EAC7075}.Release|x64.ActiveCfg = Release|Win32
		{46D94025-A896-4F0C-A91C-BA4ABD16E041}.Debug|Mixed Platforms.ActiveCfg = Debug|Win32
		{46D94025-A896-4F0C-A91C-BA4ABD16E041}.Debug|Mixed Platforms.Build.0 = Debug|Win32
		{46D94025-A896-4F0C-A91C-BA4ABD16E041}.Debug|Win32.ActiveCfg = Debug|Win32
		{46D94025-A896-4F0C-A91C-BA4ABD16E041}.Debug|Win32.Build.0 = Debug|Win32
		{46D94025-A896-4F0C-A91C-BA4ABD16E041}.Debug|x64.ActiveCfg = Debug|Win32
		{46D94025-A896-4F0C-A91C-BA4ABD16E041}.Release|Mixed Platforms.ActiveCfg = Release|Win32
		{46D94025-A896-4F0C-A91C-BA4ABD16E041}.Release|Mixed Platforms.Build.0 = Release|Win32
		{46D94025-A896-4F0C-A91C-BA4ABD16E041}.Release|Win32.ActiveCfg = Release|Win32
		{46D94025-A896-4F0C-A91C-BA4ABD16E041}.Release|Win32.Build.0 = Release|Win32
		{46D94025-A896-4F0C-A91C-BA4ABD16E041}.Release|x64.ActiveCfg = Release|Win32
		{226B05F2-7184-413A-B63E-E41104DA9B5D}.Debug|Mixed Platforms.ActiveCfg = Debug|Win32
		{226B05F2-7184-413A-B63E-E41104DA9B5D}.Debug|Mixed Platforms.Build.0 = Debug|Win32
		{226B05F2-7184-413A-B63E-E41104DA9B5D}.Debug|Win32.ActiveCfg = Debug|Win32
		{226B05F2-7184-413A-B63E-E41104DA9B5D}.Debug|Win32.Build.0 = Debug|Win32
		{226B05F2-7184-413A-B63E-E41104DA9B5D}.Debug|x64.ActiveCfg = Debug|Win32
		{226B05F2-7184-413A-B63E-E41104DA9B5D}.Release|Mixed Platforms.ActiveCfg = Release|Win32
		{226B05F2-7184-413A-B63E-E41104DA9B5D}.Release|Mixed Platforms.Build.0 = Release|Win32
		{226B05F2-7184-413A-B63E-E41104DA9B5D}.Release|Win32.ActiveCfg = Release|Win32
		{226B05F2-7184-413A-B63E-E41104DA9B5D}.Release|Win32.Build.0 = Release|Win32
		{226B05F2-7184-413A-B63E-E41104DA9B5D}.Release|x64.ActiveCfg = Release|Win32
		{8DA14F8C-2DE1-4350-B86A-74B5F14D450F}.Debug|Mixed Platforms.ActiveCfg = Debug|Win32
		{8DA14F8C-2DE1-4350-B86A-74B5F14D450F}.Debug|Mixed Platforms.Build.0 = Debug|Win32
		{8DA14F8C-2DE1-4350-B86A-74B5F14D450F}.Debug|Win32.ActiveCfg = Debug|Win32
		{8DA14F8C-2DE1-4350-B86A-74B5F14D450F}.Debug|Win32.Build.0 = Debug|Win32
		{8DA14F8C-2DE1-4350-B86A-74B5F14D450F}.Debug|x64.ActiveCfg = Debug|Win32
		{8DA14F8C-2DE1-4350-B86A-74B5F14D450F}.Release|Mixed Platforms.ActiveCfg = Release|Win32
		{8DA14F8C-2DE1-4350-B86A-74B5F14D450F}.Release|Mixed Platforms.Build.0 = Release|Win32
		{8DA14F8C-2DE1-4350-B86A-74B5F14D450F}.Release|Win32.ActiveCfg = Release|Win32
		{8DA14F8C-2DE1-4350-B86A-74B5F14D450F}.Release|Win32.Build.0 = Release|Win32
		{8DA14F8C-2DE1-4350-B86A-74B5F14D450F}.Release|x64.ActiveCfg = Release|Win32
		{AECEE8FA-9D6B-4858-8EB4-E80ED846BEEF}.Debug|Mixed Platforms.ActiveCfg = Debug|Win32
		{AECEE8FA-9D6B-4858-8EB4-E80ED846BEEF}.Debug|Mixed Platforms.Build.0 = Debug|Win32
		{AECEE8FA-9D6B-4858-8EB4-E80ED846BEEF}.Debug|Win32.ActiveCfg = Debug|Win32
		{AECEE8FA-9D6B-4858-8EB4-E80ED846BEEF}.Debug|Win32.Build.0 = Debug|Win32
		{AECEE8FA-9D6B-4858-8EB4-E80ED846BEEF}.Debug|x64.ActiveCfg = Debug|Win32
		{AECEE8FA-9D6B-4858-8EB4-E80ED846BEEF}.Release|Mixed Platforms.ActiveCfg = Release|Win32
		{AECEE8FA-9D6B-4858-8EB4-E80ED846BEEF}.Release|Mixed Platforms.Build.0 = Release|Win32
		{AECEE8FA-9D6B-4858-8EB4-E80ED846BEEF}.Release|Win32.ActiveCfg = Release|Win32
		{AECEE8FA-9D6B-4858-8EB4-E80ED846BEEF}.Release|Win32.Build.0 = Release|Win32
		{AECEE8FA-9D6B-4858-8EB4-E80ED846BEEF}.Release|x64.ActiveCfg = Release|Win32
		{96EA9800-CBAB-4BA8-A98B-DC69DD3207CC}.Debug|Mixed Platforms.ActiveCfg = Debug|Win32
		{96EA9800-CBAB-4BA8-A98B-DC69DD3207CC}.Debug|Mixed Platforms.Build.0 = Debug|Win32
		{96EA9800-CBAB-4BA8-A98B-DC69DD3207CC}.Debug|Win32.ActiveCfg = Debug|Win32
		{96EA9800-CBAB-4BA8-A98B-DC69DD3207CC}.Debug|Win32.Build.0 = Debug|Win32
		{96EA9800-CBAB-4BA8-A98B-DC69DD3207CC}.Debug|x64.ActiveCfg = Debug|Win32
		{96EA9800-CBAB-4BA8-A98B-DC69DD3207CC}.Release|Mixed Platforms.ActiveCfg = Release|Win32
		{96EA9800-CBAB-4BA8-A98B-DC69DD3207CC}.Release|Mixed Platforms.Build.0 = Release|Win32
		{96EA9800-CBAB-4BA8-A98B-DC69DD3207CC}.Release|Win32.ActiveCfg = Release|Win32
		{96EA9800-CBAB-4BA8-A98B-DC69DD3207CC}.Release|Win32.Build.0 = Release|Win32
		{96EA9800-CBAB-4BA8-A98B-DC69DD3207CC}.Release|x64.ActiveCfg = Release|Win32
		{F46CA188-5DA6-483F-9BDD-852358C17AB2}.Debug|Mixed Platforms.ActiveCfg = Debug|Win32
		{F46CA188-5DA6-483F-9BDD-852358C17AB2}.Debug|Mixed Platforms.Build.0 = Debug|Win32
		{F46CA188-5DA6-483F-9BDD-852358C17AB2}.Debug|Win32.ActiveCfg = Debug|Win32
		{F46CA188-5DA6-483F-9BDD-852358C17AB2}.Debug|Win32.Build.0 = Debug|Win32
		{F46CA188-5DA6-483F-9BDD-852358C17AB2}.Debug|x64.ActiveCfg = Debug|Win32
		{F46CA188-5DA6-483F-9BDD-852358C17AB2}.Release|Mixed Platforms.ActiveCfg = Release|Win32
		{F46CA188-5DA6-483F-9BDD-852358C17AB2}.Release|Mixed Platforms.Build.0 = Release|Win32
		{F46CA188-5DA6-483F-9BDD-852358C17AB2}.Release|Win32.ActiveCfg = Release|Win32
		{F46CA188-5DA6-483F-9BDD-852358C17AB2}.Release|Win32.Build.0 = Release|Win32
		{F46CA188-5DA6-483F-9BDD-852358C17AB2}.Release|x64.ActiveCfg = Release|Win32
		{45A28CCE-7FA1-4DED-90FF-53EFEEB5DC73}.Debug|Mixed Platforms.ActiveCfg = Debug|Win32
		{45A28CCE-7FA1-4DED-90FF-53EFEEB5DC73}.Debug|Mixed Platforms.Build.0 = Debug|Win32
		{45A28CCE-7FA1-4DED-90FF-53EFEEB5DC73}.Debug|Win32.ActiveCfg = Debug|Win32
		{45A28CCE-7FA1-4DED-90FF-53EFEEB5DC73}.Debug|Win32.Build.0 = Debug|Win32
		{45A28CCE-7FA1-4DED-90FF-53EFEEB5DC73}.Debug|x64.ActiveCfg = Debug|Win32
		{45A28CCE-7FA1-4DED-90FF-53EFEEB5DC73}.Release|Mixed Platforms.ActiveCfg = Release|Win32
		{45A28CCE-7FA1-4DED-90FF-53EFEEB5DC73}.Release|Mixed Platforms.Build.0 = Release|Win32
		{45A28CCE-7FA1-4DED-90FF-53EFEEB5DC73}.Release|Win32.ActiveCfg = Release|Win32
		{45A28CCE-7FA1-4DED-90FF-53EFEEB5DC73}.Release|Win32.Build.0 = Release|Win32
		{45A28CCE-7FA1-4DED-90FF-53EFEEB5DC73}.Release|x64.ActiveCfg = Release|Win32
		{39285BB0-5B43-4927-9145-27309CE7EE99}.Debug|Mixed Platforms.ActiveCfg = Debug|Win32
		{39285BB0-5B43-4927-9145-27309CE7EE99}.Debug|Mixed Platforms.Build.0 = Debug|Win32
		{39285BB0-5B43-4927-9145-27309CE7EE99}.Debug|Win32.ActiveCfg = Debug|Win32
		{39285BB0-5B43-4927-9145-27309CE7EE99}.Debug|Win32.Build.0 = Debug|Win32
		{39285BB0-5B43-4927-9145-27309CE7EE99}.Debug|x64.ActiveCfg = Debug|Win32
		{39285BB0-5B43-4927-9145-27309CE7EE99}.Release|Mixed Platforms.ActiveCfg = Release|Win32
		{39285BB0-5B43-4927-9145-27309CE7EE99}.Release|Mixed Platforms.Build.0 = Release|Win32
		{39285BB0-5B43-4927-9145-27309CE7EE99}.Release|Win32.ActiveCfg = Release|Win32
		{39285BB0-5B43-4927-9145-27309CE7EE99}.Release|Win32.Build.0 = Release|Win32
		{39285BB0-5B43-4927-9145-27309CE7EE99}.Release|x64.ActiveCfg = Release|Win32
		{23894F71-69C2-4B9F-A475-AB2BD8D98EC4}.Debug|Mixed Platforms.ActiveCfg = Debug|Win32
		{23894F71-69C2-4B9F-A475-AB2BD8D98EC4}.Debug|Mixed Platforms.Build.0 = Debug|Win32
		{23894F71-69C2-4B9F-A475-AB2BD8D98EC4}.Debug|Win32.ActiveCfg = Debug|Win32
		{23894F71-69C2-4B9F-A475-AB2BD8D98EC4}.Debug|Win32.Build.0 = Debug|Win32
		{23894F71-69C2-4B9F-A475-AB2BD8D98EC4}.Debug|x64.ActiveCfg = Debug|Win32
		{23894F71-69C2-4B9F-A475-AB2BD8D98EC4}.Release|Mixed Platforms.ActiveCfg = Release|Win32
		{23894F71-69C2-4B9F-A475-AB2BD8D98EC4}.Release|Mixed Platforms.Build.0 = Release|Win32
		{23894F71-69C2-4B9F-A475-AB2BD8D98EC4}.Release|Win32.ActiveCfg = Release|Win32
		{23894F71-69C2-4B9F-A475-AB2BD8D98EC4}.Release|Win32.Build.0 = Release|Win32
		{23894F71-69C2-4B9F-A475-AB2BD8D98EC4}.Release|x64.ActiveCfg = Release|Win32
		{C5A0973E-A992-46BF-A522-508405CEB5EF}.Debug|Mixed Platforms.ActiveCfg = Debug|Win32
		{C5A0973E-A992-46BF-A522-508405CEB5EF}.Debug|Mixed Platforms.Build.0 = Debug|Win32
		{C5A0973E-A992-46BF-A522-508405CEB5EF}.Debug|Win32.ActiveCfg = Debug|Win32
		{C5A0973E-A992-46BF-A522-508405CEB5EF}.Debug|Win32.Build.0 = Debug|Win32
		{C5A0973E-A992-46BF-A522-508405CEB5EF}.Debug|x64.ActiveCfg = Debug|Win32
		{C5A0973E-A992-46BF-A522-508405CEB5EF}.Release|Mixed Platforms.ActiveCfg = Release|Win32
		{C5A0973E-A992-46BF-A522-508405CEB5EF}.Release|Mixed Platforms.Build.0 = Release|Win32
		{C5A0973E-A992-46BF-A522-508405CEB5EF}.Release|Win32.ActiveCfg = Release|Win32
		{C5A0973E-A992-46BF-A522-508405CEB5EF}.Release|Win32.Build.0 = Release|Win32
		{C5A0973E-A992-46BF-A522-508405CEB5EF}.Release|x64.ActiveCfg = Release|Win32
		{5D06E4C8-3825-4ED6-97C7-E1CE854630DF}.Debug|Mixed Platforms.ActiveCfg = Debug|Win32
		{5D06E4C8-3825-4ED6-97C7-E1CE854630DF}.Debug|Mixed Platforms.Build.0 = Debug|Win32
		{5D06E4C8-3825-4ED6-97C7-E1CE854630DF}.Debug|Win32.ActiveCfg = Debug|Win32
		{5D06E4C8-3825-4ED6-97C7-E1CE854630DF}.Debug|Win32.Build.0 = Debug|Win32
		{5D06E4C8-3825-4ED6-97C7-E1CE854630DF}.Debug|x64.ActiveCfg = Debug|Win32
		{5D06E4C8-3825-4ED6-97C7-E1CE854630DF}.Release|Mixed Platforms.ActiveCfg = Release|Win32
		{5D06E4C8-3825-4ED6-97C7-E1CE854630DF}.Release|Mixed Platforms.Build.0 = Release|Win32
		{5D06E4C8-3825-4ED6-97C7-E1CE854630DF}.Release|Win32.ActiveCfg = Release|Win32
		{5D06E4C8-3825-4ED6-97C7-E1CE854630DF}.Release|Win32.Build.0 = Release|Win32
		{5D06E4C8-3825-4ED6-97C7-E1CE854630DF}.Release|x64.ActiveCfg = Release|Win32
		{7D39A9B9-4BD1-4B90-AABA-E526B3C13BF0}.Debug|Mixed Platforms.ActiveCfg = Debug|Win32
		{7D39A9B9-4BD1-4B90-AABA-E526B3C13BF0}.Debug|Mixed Platforms.Build.0 = Debug|Win32
		{7D39A9B9-4BD1-4B90-AABA-E526B3C13BF0}.Debug|Win32.ActiveCfg = Debug|Win32
		{7D39A9B9-4BD1-4B90-AABA-E526B3C13BF0}.Debug|Win32.Build.0 = Debug|Win32
		{7D39A9B9-4BD1-4B90-AABA-E526B3C13BF0}.Debug|x64.ActiveCfg = Debug|Win32
		{7D39A9B9-4BD1-4B90-AABA-E526B3C13BF0}.Release|Mixed Platforms.ActiveCfg = Release|Win32
		{7D39A9B9-4BD1-4B90-AABA-E526B3C13BF0}.Release|Mixed Platforms.Build.0 = Release|Win32
		{7D39A9B9-4BD1-4B90-AABA-E526B3C13BF0}.Release|Win32.ActiveCfg = Release|Win32
		{7D39A9B9-4BD1-4B90-AABA-E526B3C13BF0}.Release|Win32.Build.0 = Release|Win32
		{7D39A9B9-4BD1-4B90-AABA-E526B3C13BF0}.Release|x64.ActiveCfg = Release|Win32
	EndGlobalSection
	GlobalSection(SolutionProperties) = preSolution
		HideSolutionNode = FALSE
	EndGlobalSection
EndGlobal
